
Microsoft Visual Studio Solution File, Format Version 12.00
# Visual Studio Version 16
VisualStudioVersion = 16.0.30204.135
MinimumVisualStudioVersion = 10.0.40219.1
Project("{FAE04EC0-301F-11D3-BF4B-00C04F79EFBC}") = "XUnitIntroPractice", "XUnitIntroPractice.csproj", "{5F31D259-3DE0-4ADB-9025-E45C9388F7AF}"
EndProject
Global
	GlobalSection(SolutionConfigurationPlatforms) = preSolution
		Debug|Any CPU = Debug|Any CPU
		Release|Any CPU = Release|Any CPU
	EndGlobalSection
	GlobalSection(ProjectConfigurationPlatforms) = postSolution
		{5F31D259-3DE0-4ADB-9025-E45C9388F7AF}.Debug|Any CPU.ActiveCfg = Debug|Any CPU
		{5F31D259-3DE0-4ADB-9025-E45C9388F7AF}.Debug|Any CPU.Build.0 = Debug|Any CPU
		{5F31D259-3DE0-4ADB-9025-E45C9388F7AF}.Release|Any CPU.ActiveCfg = Release|Any CPU
		{5F31D259-3DE0-4ADB-9025-E45C9388F7AF}.Release|Any CPU.Build.0 = Release|Any CPU
	EndGlobalSection
	GlobalSection(SolutionProperties) = preSolution
		HideSolutionNode = FALSE
	EndGlobalSection
	GlobalSection(ExtensibilityGlobals) = postSolution
		SolutionGuid = {4464C143-3613-440B-9C4A-60B2CA424B08}
	EndGlobalSection
EndGlobal
